
Microsoft Visual Studio Solution File, Format Version 12.00
# Visual Studio Version 17
VisualStudioVersion = 17.3.32901.215
MinimumVisualStudioVersion = 10.0.40219.1
Project("{9A19103F-16F7-4668-BE54-9A1E7A4F7556}") = "Embix.Core", "Embix.Core\Embix.Core.csproj", "{BA1FDC27-2A55-4991-AF35-6A1031505AD6}"
EndProject
Project("{9A19103F-16F7-4668-BE54-9A1E7A4F7556}") = "Embix.Core.Test", "Embix.Core.Test\Embix.Core.Test.csproj", "{32141E48-7638-4A68-9466-81D3414C713C}"
EndProject
Project("{2150E333-8FDC-42A3-9474-1A3956D46DE8}") = "Solution Items", "Solution Items", "{C1848A38-C0F3-45B8-BAFD-1870D56C74CA}"
	ProjectSection(SolutionItems) = preProject
		flow.png = flow.png
		Pack.bat = Pack.bat
		Push.bat = Push.bat
		PushLocal.bat = PushLocal.bat
		README.md = README.md
	EndProjectSection
EndProject
Project("{9A19103F-16F7-4668-BE54-9A1E7A4F7556}") = "embix", "embix\embix.csproj", "{9CE46967-FDF2-42B1-9437-1328BE13A00A}"
EndProject
Project("{9A19103F-16F7-4668-BE54-9A1E7A4F7556}") = "Embix.MySql", "Embix.MySql\Embix.MySql.csproj", "{0AC57A84-4F49-4DE4-BA03-C5D9D0AC33F2}"
EndProject
Project("{9A19103F-16F7-4668-BE54-9A1E7A4F7556}") = "Embix.PgSql", "Embix.PgSql\Embix.PgSql.csproj", "{86060CB2-6655-4990-90A2-358A09AB3A1F}"
EndProject
Project("{9A19103F-16F7-4668-BE54-9A1E7A4F7556}") = "Embix.Plugin.Greek", "Embix.Plugin.Greek\Embix.Plugin.Greek.csproj", "{D283E3CE-9453-42F9-B5D7-35464C466705}"
EndProject
Project("{9A19103F-16F7-4668-BE54-9A1E7A4F7556}") = "Embix.Plugin.Greek.Test", "Embix.Plugin.Greek.Test\Embix.Plugin.Greek.Test.csproj", "{ABDFBF72-095E-43B6-8BAA-3D955F31A347}"
EndProject
Project("{9A19103F-16F7-4668-BE54-9A1E7A4F7556}") = "Embix.Search", "Embix.Search\Embix.Search.csproj", "{F99FCE68-ED45-4FF0-BC55-B27F403931DC}"
EndProject
Project("{9A19103F-16F7-4668-BE54-9A1E7A4F7556}") = "Embix.Search.Test", "Embix.Search.Test\Embix.Search.Test.csproj", "{19AF7908-3784-45F4-BB15-6A70DDD9F4C0}"
EndProject
Project("{9A19103F-16F7-4668-BE54-9A1E7A4F7556}") = "Embix.Search.MySql", "Embix.Search.MySql\Embix.Search.MySql.csproj", "{EF5693FD-0DF5-4638-B0F0-111EAC7B6A61}"
EndProject
Project("{9A19103F-16F7-4668-BE54-9A1E7A4F7556}") = "Embix.Search.PgSql", "Embix.Search.PgSql\Embix.Search.PgSql.csproj", "{9C552E89-8B4B-4F76-8A61-D27B63D323F4}"
EndProject
Global
	GlobalSection(SolutionConfigurationPlatforms) = preSolution
		Debug|Any CPU = Debug|Any CPU
		Release|Any CPU = Release|Any CPU
	EndGlobalSection
	GlobalSection(ProjectConfigurationPlatforms) = postSolution
		{BA1FDC27-2A55-4991-AF35-6A1031505AD6}.Debug|Any CPU.ActiveCfg = Debug|Any CPU
		{BA1FDC27-2A55-4991-AF35-6A1031505AD6}.Debug|Any CPU.Build.0 = Debug|Any CPU
		{BA1FDC27-2A55-4991-AF35-6A1031505AD6}.Release|Any CPU.ActiveCfg = Release|Any CPU
		{BA1FDC27-2A55-4991-AF35-6A1031505AD6}.Release|Any CPU.Build.0 = Release|Any CPU
		{32141E48-7638-4A68-9466-81D3414C713C}.Debug|Any CPU.ActiveCfg = Debug|Any CPU
		{32141E48-7638-4A68-9466-81D3414C713C}.Debug|Any CPU.Build.0 = Debug|Any CPU
		{32141E48-7638-4A68-9466-81D3414C713C}.Release|Any CPU.ActiveCfg = Release|Any CPU
		{32141E48-7638-4A68-9466-81D3414C713C}.Release|Any CPU.Build.0 = Release|Any CPU
		{9CE46967-FDF2-42B1-9437-1328BE13A00A}.Debug|Any CPU.ActiveCfg = Debug|Any CPU
		{9CE46967-FDF2-42B1-9437-1328BE13A00A}.Debug|Any CPU.Build.0 = Debug|Any CPU
		{9CE46967-FDF2-42B1-9437-1328BE13A00A}.Release|Any CPU.ActiveCfg = Release|Any CPU
		{9CE46967-FDF2-42B1-9437-1328BE13A00A}.Release|Any CPU.Build.0 = Release|Any CPU
		{0AC57A84-4F49-4DE4-BA03-C5D9D0AC33F2}.Debug|Any CPU.ActiveCfg = Debug|Any CPU
		{0AC57A84-4F49-4DE4-BA03-C5D9D0AC33F2}.Debug|Any CPU.Build.0 = Debug|Any CPU
		{0AC57A84-4F49-4DE4-BA03-C5D9D0AC33F2}.Release|Any CPU.ActiveCfg = Release|Any CPU
		{0AC57A84-4F49-4DE4-BA03-C5D9D0AC33F2}.Release|Any CPU.Build.0 = Release|Any CPU
		{86060CB2-6655-4990-90A2-358A09AB3A1F}.Debug|Any CPU.ActiveCfg = Debug|Any CPU
		{86060CB2-6655-4990-90A2-358A09AB3A1F}.Debug|Any CPU.Build.0 = Debug|Any CPU
		{86060CB2-6655-4990-90A2-358A09AB3A1F}.Release|Any CPU.ActiveCfg = Release|Any CPU
		{86060CB2-6655-4990-90A2-358A09AB3A1F}.Release|Any CPU.Build.0 = Release|Any CPU
		{D283E3CE-9453-42F9-B5D7-35464C466705}.Debug|Any CPU.ActiveCfg = Debug|Any CPU
		{D283E3CE-9453-42F9-B5D7-35464C466705}.Debug|Any CPU.Build.0 = Debug|Any CPU
		{D283E3CE-9453-42F9-B5D7-35464C466705}.Release|Any CPU.ActiveCfg = Release|Any CPU
		{D283E3CE-9453-42F9-B5D7-35464C466705}.Release|Any CPU.Build.0 = Release|Any CPU
		{ABDFBF72-095E-43B6-8BAA-3D955F31A347}.Debug|Any CPU.ActiveCfg = Debug|Any CPU
		{ABDFBF72-095E-43B6-8BAA-3D955F31A347}.Debug|Any CPU.Build.0 = Debug|Any CPU
		{ABDFBF72-095E-43B6-8BAA-3D955F31A347}.Release|Any CPU.ActiveCfg = Release|Any CPU
		{ABDFBF72-095E-43B6-8BAA-3D955F31A347}.Release|Any CPU.Build.0 = Release|Any CPU
		{F99FCE68-ED45-4FF0-BC55-B27F403931DC}.Debug|Any CPU.ActiveCfg = Debug|Any CPU
		{F99FCE68-ED45-4FF0-BC55-B27F403931DC}.Debug|Any CPU.Build.0 = Debug|Any CPU
		{F99FCE68-ED45-4FF0-BC55-B27F403931DC}.Release|Any CPU.ActiveCfg = Release|Any CPU
		{F99FCE68-ED45-4FF0-BC55-B27F403931DC}.Release|Any CPU.Build.0 = Release|Any CPU
		{19AF7908-3784-45F4-BB15-6A70DDD9F4C0}.Debug|Any CPU.ActiveCfg = Debug|Any CPU
		{19AF7908-3784-45F4-BB15-6A70DDD9F4C0}.Debug|Any CPU.Build.0 = Debug|Any CPU
		{19AF7908-3784-45F4-BB15-6A70DDD9F4C0}.Release|Any CPU.ActiveCfg = Release|Any CPU
		{19AF7908-3784-45F4-BB15-6A70DDD9F4C0}.Release|Any CPU.Build.0 = Release|Any CPU
		{EF5693FD-0DF5-4638-B0F0-111EAC7B6A61}.Debug|Any CPU.ActiveCfg = Debug|Any CPU
		{EF5693FD-0DF5-4638-B0F0-111EAC7B6A61}.Debug|Any CPU.Build.0 = Debug|Any CPU
		{EF5693FD-0DF5-4638-B0F0-111EAC7B6A61}.Release|Any CPU.ActiveCfg = Release|Any CPU
		{EF5693FD-0DF5-4638-B0F0-111EAC7B6A61}.Release|Any CPU.Build.0 = Release|Any CPU
		{9C552E89-8B4B-4F76-8A61-D27B63D323F4}.Debug|Any CPU.ActiveCfg = Debug|Any CPU
		{9C552E89-8B4B-4F76-8A61-D27B63D323F4}.Debug|Any CPU.Build.0 = Debug|Any CPU
		{9C552E89-8B4B-4F76-8A61-D27B63D323F4}.Release|Any CPU.ActiveCfg = Release|Any CPU
		{9C552E89-8B4B-4F76-8A61-D27B63D323F4}.Release|Any CPU.Build.0 = Release|Any CPU
	EndGlobalSection
	GlobalSection(SolutionProperties) = preSolution
		HideSolutionNode = FALSE
	EndGlobalSection
	GlobalSection(ExtensibilityGlobals) = postSolution
		SolutionGuid = {C22ABA06-59E2-41A9-BC73-FEE656EEC8AC}
	EndGlobalSection
EndGlobal
